// !$*UTF8*$!
{
	archiveVersion = 1;
	classes = {
	};
	objectVersion = 46;
	objects = {

/* Begin PBXFileReference section */
		055EB2041A9235EF009ACFEC /* Makefile */ = {isa = PBXFileReference; fileEncoding = 4; lastKnownFileType = sourcecode.make; path = Makefile; sourceTree = "<group>"; };
		055EB2051A9235EF009ACFEC /* README.md */ = {isa = PBXFileReference; fileEncoding = 4; lastKnownFileType = net.daringfireball.markdown; path = README.md; sourceTree = "<group>"; };
		055EB2081A9235EF009ACFEC /* call_once.c */ = {isa = PBXFileReference; fileEncoding = 4; lastKnownFileType = sourcecode.c.c; path = call_once.c; sourceTree = "<group>"; };
		055EB2091A9235EF009ACFEC /* cnd_broadcast.c */ = {isa = PBXFileReference; fileEncoding = 4; lastKnownFileType = sourcecode.c.c; path = cnd_broadcast.c; sourceTree = "<group>"; };
		055EB20A1A9235EF009ACFEC /* cnd_destroy.c */ = {isa = PBXFileReference; fileEncoding = 4; lastKnownFileType = sourcecode.c.c; path = cnd_destroy.c; sourceTree = "<group>"; };
		055EB20B1A9235EF009ACFEC /* cnd_init.c */ = {isa = PBXFileReference; fileEncoding = 4; lastKnownFileType = sourcecode.c.c; path = cnd_init.c; sourceTree = "<group>"; };
		055EB20C1A9235EF009ACFEC /* cnd_signal.c */ = {isa = PBXFileReference; fileEncoding = 4; lastKnownFileType = sourcecode.c.c; path = cnd_signal.c; sourceTree = "<group>"; };
		055EB20D1A9235EF009ACFEC /* cnd_timedwait.c */ = {isa = PBXFileReference; fileEncoding = 4; lastKnownFileType = sourcecode.c.c; path = cnd_timedwait.c; sourceTree = "<group>"; };
		055EB20E1A9235EF009ACFEC /* cnd_wait.c */ = {isa = PBXFileReference; fileEncoding = 4; lastKnownFileType = sourcecode.c.c; path = cnd_wait.c; sourceTree = "<group>"; };
		055EB20F1A9235EF009ACFEC /* mtx_destroy.c */ = {isa = PBXFileReference; fileEncoding = 4; lastKnownFileType = sourcecode.c.c; path = mtx_destroy.c; sourceTree = "<group>"; };
		055EB2101A9235EF009ACFEC /* mtx_init.c */ = {isa = PBXFileReference; fileEncoding = 4; lastKnownFileType = sourcecode.c.c; path = mtx_init.c; sourceTree = "<group>"; };
		055EB2111A9235EF009ACFEC /* mtx_lock.c */ = {isa = PBXFileReference; fileEncoding = 4; lastKnownFileType = sourcecode.c.c; path = mtx_lock.c; sourceTree = "<group>"; };
		055EB2121A9235EF009ACFEC /* mtx_timedlock.c */ = {isa = PBXFileReference; fileEncoding = 4; lastKnownFileType = sourcecode.c.c; path = mtx_timedlock.c; sourceTree = "<group>"; };
		055EB2131A9235EF009ACFEC /* mtx_trylock.c */ = {isa = PBXFileReference; fileEncoding = 4; lastKnownFileType = sourcecode.c.c; path = mtx_trylock.c; sourceTree = "<group>"; };
		055EB2141A9235EF009ACFEC /* mtx_unlock.c */ = {isa = PBXFileReference; fileEncoding = 4; lastKnownFileType = sourcecode.c.c; path = mtx_unlock.c; sourceTree = "<group>"; };
		055EB2151A9235EF009ACFEC /* thrd_create.c */ = {isa = PBXFileReference; fileEncoding = 4; lastKnownFileType = sourcecode.c.c; path = thrd_create.c; sourceTree = "<group>"; };
		055EB2161A9235EF009ACFEC /* thrd_current.c */ = {isa = PBXFileReference; fileEncoding = 4; lastKnownFileType = sourcecode.c.c; path = thrd_current.c; sourceTree = "<group>"; };
		055EB2171A9235EF009ACFEC /* thrd_detach.c */ = {isa = PBXFileReference; fileEncoding = 4; lastKnownFileType = sourcecode.c.c; path = thrd_detach.c; sourceTree = "<group>"; };
		055EB2181A9235EF009ACFEC /* thrd_equal.c */ = {isa = PBXFileReference; fileEncoding = 4; lastKnownFileType = sourcecode.c.c; path = thrd_equal.c; sourceTree = "<group>"; };
		055EB2191A9235EF009ACFEC /* thrd_exit.c */ = {isa = PBXFileReference; fileEncoding = 4; lastKnownFileType = sourcecode.c.c; path = thrd_exit.c; sourceTree = "<group>"; };
		055EB21A1A9235EF009ACFEC /* thrd_join.c */ = {isa = PBXFileReference; fileEncoding = 4; lastKnownFileType = sourcecode.c.c; path = thrd_join.c; sourceTree = "<group>"; };
		055EB21B1A9235EF009ACFEC /* thrd_sleep.c */ = {isa = PBXFileReference; fileEncoding = 4; lastKnownFileType = sourcecode.c.c; path = thrd_sleep.c; sourceTree = "<group>"; };
		055EB21C1A9235EF009ACFEC /* thrd_yield.c */ = {isa = PBXFileReference; fileEncoding = 4; lastKnownFileType = sourcecode.c.c; path = thrd_yield.c; sourceTree = "<group>"; };
		055EB21D1A9235EF009ACFEC /* tss_create.c */ = {isa = PBXFileReference; fileEncoding = 4; lastKnownFileType = sourcecode.c.c; path = tss_create.c; sourceTree = "<group>"; };
		055EB21E1A9235EF009ACFEC /* tss_delete.c */ = {isa = PBXFileReference; fileEncoding = 4; lastKnownFileType = sourcecode.c.c; path = tss_delete.c; sourceTree = "<group>"; };
		055EB21F1A9235EF009ACFEC /* tss_get.c */ = {isa = PBXFileReference; fileEncoding = 4; lastKnownFileType = sourcecode.c.c; path = tss_get.c; sourceTree = "<group>"; };
		055EB2201A9235EF009ACFEC /* tss_set.c */ = {isa = PBXFileReference; fileEncoding = 4; lastKnownFileType = sourcecode.c.c; path = tss_set.c; sourceTree = "<group>"; };
		055EB3BA1A9242F0009ACFEC /* stdint.h */ = {isa = PBXFileReference; fileEncoding = 4; lastKnownFileType = sourcecode.c.h; path = stdint.h; sourceTree = "<group>"; };
		055EB3BB1A9242F0009ACFEC /* threads.h */ = {isa = PBXFileReference; fileEncoding = 4; lastKnownFileType = sourcecode.c.h; path = threads.h; sourceTree = "<group>"; };
		055EB3BC1A9242F0009ACFEC /* time.h */ = {isa = PBXFileReference; fileEncoding = 4; lastKnownFileType = sourcecode.c.h; path = time.h; sourceTree = "<group>"; };
/* End PBXFileReference section */

/* Begin PBXGroup section */
		055EB2021A9235EF009ACFEC /* include */ = {
			isa = PBXGroup;
			children = (
				055EB3B91A9242F0009ACFEC /* c11 */,
			);
			path = include;
			sourceTree = "<group>";
		};
		055EB2061A9235EF009ACFEC /* source */ = {
			isa = PBXGroup;
			children = (
				055EB2071A9235EF009ACFEC /* threads */,
			);
			path = source;
			sourceTree = "<group>";
		};
		055EB2071A9235EF009ACFEC /* threads */ = {
			isa = PBXGroup;
			children = (
				055EB2081A9235EF009ACFEC /* call_once.c */,
				055EB2091A9235EF009ACFEC /* cnd_broadcast.c */,
				055EB20A1A9235EF009ACFEC /* cnd_destroy.c */,
				055EB20B1A9235EF009ACFEC /* cnd_init.c */,
				055EB20C1A9235EF009ACFEC /* cnd_signal.c */,
				055EB20D1A9235EF009ACFEC /* cnd_timedwait.c */,
				055EB20E1A9235EF009ACFEC /* cnd_wait.c */,
				055EB20F1A9235EF009ACFEC /* mtx_destroy.c */,
				055EB2101A9235EF009ACFEC /* mtx_init.c */,
				055EB2111A9235EF009ACFEC /* mtx_lock.c */,
				055EB2121A9235EF009ACFEC /* mtx_timedlock.c */,
				055EB2131A9235EF009ACFEC /* mtx_trylock.c */,
				055EB2141A9235EF009ACFEC /* mtx_unlock.c */,
				055EB2151A9235EF009ACFEC /* thrd_create.c */,
				055EB2161A9235EF009ACFEC /* thrd_current.c */,
				055EB2171A9235EF009ACFEC /* thrd_detach.c */,
				055EB2181A9235EF009ACFEC /* thrd_equal.c */,
				055EB2191A9235EF009ACFEC /* thrd_exit.c */,
				055EB21A1A9235EF009ACFEC /* thrd_join.c */,
				055EB21B1A9235EF009ACFEC /* thrd_sleep.c */,
				055EB21C1A9235EF009ACFEC /* thrd_yield.c */,
				055EB21D1A9235EF009ACFEC /* tss_create.c */,
				055EB21E1A9235EF009ACFEC /* tss_delete.c */,
				055EB21F1A9235EF009ACFEC /* tss_get.c */,
				055EB2201A9235EF009ACFEC /* tss_set.c */,
			);
			path = threads;
			sourceTree = "<group>";
		};
		055EB3B91A9242F0009ACFEC /* c11 */ = {
			isa = PBXGroup;
			children = (
				055EB3BA1A9242F0009ACFEC /* stdint.h */,
				055EB3BB1A9242F0009ACFEC /* threads.h */,
				055EB3BC1A9242F0009ACFEC /* time.h */,
			);
			path = c11;
			sourceTree = "<group>";
		};
		0595BA7A17AC11A70021435A = {
			isa = PBXGroup;
			children = (
				055EB2021A9235EF009ACFEC /* include */,
				055EB2041A9235EF009ACFEC /* Makefile */,
				055EB2051A9235EF009ACFEC /* README.md */,
				055EB2061A9235EF009ACFEC /* source */,
			);
			sourceTree = "<group>";
		};
/* End PBXGroup section */

/* Begin PBXLegacyTarget section */
		0595BA7F17AC11A70021435A /* XEOS-lib-c11 */ = {
			isa = PBXLegacyTarget;
			buildArgumentsString = "$(ACTION)";
			buildConfigurationList = 0595BA8217AC11A70021435A /* Build configuration list for PBXLegacyTarget "XEOS-lib-c11" */;
			buildPhases = (
			);
			buildToolPath = /usr/bin/make;
			buildWorkingDirectory = "";
			dependencies = (
			);
			name = "XEOS-lib-c11";
			passBuildSettingsInEnvironment = 1;
			productName = "LIB-PTHREAD";
		};
/* End PBXLegacyTarget section */

/* Begin PBXProject section */
		0595BA7B17AC11A70021435A /* Project object */ = {
			isa = PBXProject;
			attributes = {
				LastUpgradeCheck = 0630;
				ORGANIZATIONNAME = "XS-Labs";
			};
			buildConfigurationList = 0595BA7E17AC11A70021435A /* Build configuration list for PBXProject "XEOS-lib-c11" */;
			compatibilityVersion = "Xcode 3.2";
			developmentRegion = English;
			hasScannedForEncodings = 0;
			knownRegions = (
				en,
			);
			mainGroup = 0595BA7A17AC11A70021435A;
			projectDirPath = "";
			projectRoot = "";
			targets = (
				0595BA7F17AC11A70021435A /* XEOS-lib-c11 */,
			);
		};
/* End PBXProject section */

/* Begin XCBuildConfiguration section */
		0595BA8117AC11A70021435A /* Release */ = {
			isa = XCBuildConfiguration;
			buildSettings = {
			};
			name = Release;
		};
		0595BA8417AC11A70021435A /* Release */ = {
			isa = XCBuildConfiguration;
			buildSettings = {
			};
			name = Release;
		};
/* End XCBuildConfiguration section */

/* Begin XCConfigurationList section */
		0595BA7E17AC11A70021435A /* Build configuration list for PBXProject "XEOS-lib-c11" */ = {
			isa = XCConfigurationList;
			buildConfigurations = (
				0595BA8117AC11A70021435A /* Release */,
			);
			defaultConfigurationIsVisible = 0;
			defaultConfigurationName = Release;
		};
		0595BA8217AC11A70021435A /* Build configuration list for PBXLegacyTarget "XEOS-lib-c11" */ = {
			isa = XCConfigurationList;
			buildConfigurations = (
				0595BA8417AC11A70021435A /* Release */,
			);
			defaultConfigurationIsVisible = 0;
			defaultConfigurationName = Release;
		};
/* End XCConfigurationList section */
	};
	rootObject = 0595BA7B17AC11A70021435A /* Project object */;
}
